
Microsoft Visual Studio Solution File, Format Version 11.00
# Visual Studio 2010
Project("{2150E333-8FDC-42A3-9474-1A3956D46DE8}") = "Scripts", "Scripts", "{712BA39E-DD93-44F3-B439-0D3458E03FB1}"
	ProjectSection(SolutionItems) = preProject
		..\doc\Banco de dados\Diary\INSERT_DRY.sql = ..\doc\Banco de dados\Diary\INSERT_DRY.sql
	EndProjectSection
EndProject
Project("{2150E333-8FDC-42A3-9474-1A3956D46DE8}") = "SQL Server", "SQL Server", "{3C72A82B-188F-4CB6-AF7F-6ECB31FFDAB0}"
	ProjectSection(SolutionItems) = preProject
		..\doc\Banco de dados\Diary\SQL Server\CREATE_DRY_SQLServer.sql = ..\doc\Banco de dados\Diary\SQL Server\CREATE_DRY_SQLServer.sql
	EndProjectSection
EndProject
Project("{2150E333-8FDC-42A3-9474-1A3956D46DE8}") = "Conversoes", "Conversoes", "{622FAC5D-C211-4877-9837-72FA88AB2C98}"
EndProject
Project("{2150E333-8FDC-42A3-9474-1A3956D46DE8}") = "Versao_1_PARA_1_1", "Versao_1_PARA_1_1", "{E1EEF66D-4A7C-45C0-9796-945FEC393755}"
	ProjectSection(SolutionItems) = preProject
		..\doc\Banco de dados\Diary\SQL Server\Conversoes\Versao_1_Para_1_1\Conversao.sql = ..\doc\Banco de dados\Diary\SQL Server\Conversoes\Versao_1_Para_1_1\Conversao.sql
	EndProjectSection
EndProject
Project("{2150E333-8FDC-42A3-9474-1A3956D46DE8}") = "Versao_3_PARA_3_1", "Versao_3_PARA_3_1", "{8989D31E-5CE1-4717-810E-FAADF847C522}"
	ProjectSection(SolutionItems) = preProject
		..\doc\Banco de dados\Diary\SQL Server\Conversoes\Versao_3_Para_3_1\Conversao.sql = ..\doc\Banco de dados\Diary\SQL Server\Conversoes\Versao_3_Para_3_1\Conversao.sql
	EndProjectSection
EndProject
Project("{F184B08F-C81C-45F6-A57F-5ABD9991F28F}") = "Diary.Interfaces", "Diary.Interfaces\Diary.Interfaces.vbproj", "{9B8C8EFA-7F80-497C-948F-4CA413497DCD}"
EndProject
Project("{F184B08F-C81C-45F6-A57F-5ABD9991F28F}") = "Diary.Mapeadores", "Diary.Mapeadores\Diary.Mapeadores.vbproj", "{061028C7-0BC9-4022-A918-F05E290555C0}"
EndProject
Project("{F184B08F-C81C-45F6-A57F-5ABD9991F28F}") = "Diary.Negocio", "Diary.Negocio\Diary.Negocio.vbproj", "{02579CD3-F9EA-4D02-97C4-E83D6AC5698B}"
EndProject
Project("{F184B08F-C81C-45F6-A57F-5ABD9991F28F}") = "Diary.Servicos.Local", "Diary.Servicos.Local\Diary.Servicos.Local.vbproj", "{71317F57-216A-46CD-A9B0-FF26DE1F9371}"
EndProject
Project("{F184B08F-C81C-45F6-A57F-5ABD9991F28F}") = "Diary.Client", "Diary.Client\Diary.Client.vbproj", "{46ED02D0-C97C-49CD-A559-944286185DCA}"
EndProject
Project("{F184B08F-C81C-45F6-A57F-5ABD9991F28F}") = "Migrador", "Migrador\Migrador.vbproj", "{A9E35EE3-02AC-4826-ACF6-33AD83F36767}"
EndProject
Project("{F184B08F-C81C-45F6-A57F-5ABD9991F28F}") = "Diary.ConversorUpperLowerCase", "Diary.ConversorUpperLowerCase\Diary.ConversorUpperLowerCase.vbproj", "{BA2C2677-B7DC-410A-9BA2-36D05CDBBD1E}"
EndProject
Global
	GlobalSection(SolutionConfigurationPlatforms) = preSolution
		Debug|Any CPU = Debug|Any CPU
		Release|Any CPU = Release|Any CPU
	EndGlobalSection
	GlobalSection(ProjectConfigurationPlatforms) = postSolution
		{9B8C8EFA-7F80-497C-948F-4CA413497DCD}.Debug|Any CPU.ActiveCfg = Debug|Any CPU
		{9B8C8EFA-7F80-497C-948F-4CA413497DCD}.Debug|Any CPU.Build.0 = Debug|Any CPU
		{9B8C8EFA-7F80-497C-948F-4CA413497DCD}.Release|Any CPU.ActiveCfg = Release|Any CPU
		{9B8C8EFA-7F80-497C-948F-4CA413497DCD}.Release|Any CPU.Build.0 = Release|Any CPU
		{061028C7-0BC9-4022-A918-F05E290555C0}.Debug|Any CPU.ActiveCfg = Debug|Any CPU
		{061028C7-0BC9-4022-A918-F05E290555C0}.Debug|Any CPU.Build.0 = Debug|Any CPU
		{061028C7-0BC9-4022-A918-F05E290555C0}.Release|Any CPU.ActiveCfg = Release|Any CPU
		{061028C7-0BC9-4022-A918-F05E290555C0}.Release|Any CPU.Build.0 = Release|Any CPU
		{02579CD3-F9EA-4D02-97C4-E83D6AC5698B}.Debug|Any CPU.ActiveCfg = Debug|Any CPU
		{02579CD3-F9EA-4D02-97C4-E83D6AC5698B}.Debug|Any CPU.Build.0 = Debug|Any CPU
		{02579CD3-F9EA-4D02-97C4-E83D6AC5698B}.Release|Any CPU.ActiveCfg = Release|Any CPU
		{02579CD3-F9EA-4D02-97C4-E83D6AC5698B}.Release|Any CPU.Build.0 = Release|Any CPU
		{71317F57-216A-46CD-A9B0-FF26DE1F9371}.Debug|Any CPU.ActiveCfg = Debug|Any CPU
		{71317F57-216A-46CD-A9B0-FF26DE1F9371}.Debug|Any CPU.Build.0 = Debug|Any CPU
		{71317F57-216A-46CD-A9B0-FF26DE1F9371}.Release|Any CPU.ActiveCfg = Release|Any CPU
		{71317F57-216A-46CD-A9B0-FF26DE1F9371}.Release|Any CPU.Build.0 = Release|Any CPU
		{46ED02D0-C97C-49CD-A559-944286185DCA}.Debug|Any CPU.ActiveCfg = Debug|Any CPU
		{46ED02D0-C97C-49CD-A559-944286185DCA}.Debug|Any CPU.Build.0 = Debug|Any CPU
		{46ED02D0-C97C-49CD-A559-944286185DCA}.Release|Any CPU.ActiveCfg = Release|Any CPU
		{46ED02D0-C97C-49CD-A559-944286185DCA}.Release|Any CPU.Build.0 = Release|Any CPU
		{A9E35EE3-02AC-4826-ACF6-33AD83F36767}.Debug|Any CPU.ActiveCfg = Debug|Any CPU
		{A9E35EE3-02AC-4826-ACF6-33AD83F36767}.Debug|Any CPU.Build.0 = Debug|Any CPU
		{A9E35EE3-02AC-4826-ACF6-33AD83F36767}.Release|Any CPU.ActiveCfg = Release|Any CPU
		{A9E35EE3-02AC-4826-ACF6-33AD83F36767}.Release|Any CPU.Build.0 = Release|Any CPU
		{BA2C2677-B7DC-410A-9BA2-36D05CDBBD1E}.Debug|Any CPU.ActiveCfg = Debug|Any CPU
		{BA2C2677-B7DC-410A-9BA2-36D05CDBBD1E}.Debug|Any CPU.Build.0 = Debug|Any CPU
		{BA2C2677-B7DC-410A-9BA2-36D05CDBBD1E}.Release|Any CPU.ActiveCfg = Release|Any CPU
		{BA2C2677-B7DC-410A-9BA2-36D05CDBBD1E}.Release|Any CPU.Build.0 = Release|Any CPU
	EndGlobalSection
	GlobalSection(SolutionProperties) = preSolution
		HideSolutionNode = FALSE
	EndGlobalSection
	GlobalSection(NestedProjects) = preSolution
		{3C72A82B-188F-4CB6-AF7F-6ECB31FFDAB0} = {712BA39E-DD93-44F3-B439-0D3458E03FB1}
		{622FAC5D-C211-4877-9837-72FA88AB2C98} = {3C72A82B-188F-4CB6-AF7F-6ECB31FFDAB0}
		{E1EEF66D-4A7C-45C0-9796-945FEC393755} = {622FAC5D-C211-4877-9837-72FA88AB2C98}
		{8989D31E-5CE1-4717-810E-FAADF847C522} = {622FAC5D-C211-4877-9837-72FA88AB2C98}
	EndGlobalSection
EndGlobal
