
Microsoft Visual Studio Solution File, Format Version 11.00
# Visual Studio 2010
Project("{FAE04EC0-301F-11D3-BF4B-00C04F79EFBC}") = "SiteCHM", "SiteCHM\SiteCHM.csproj", "{81238EE2-1425-45A6-ABE5-DE0E67C31253}"
EndProject
Global
	GlobalSection(SolutionConfigurationPlatforms) = preSolution
		Debug|Any CPU = Debug|Any CPU
		Release|Any CPU = Release|Any CPU
	EndGlobalSection
	GlobalSection(ProjectConfigurationPlatforms) = postSolution
		{81238EE2-1425-45A6-ABE5-DE0E67C31253}.Debug|Any CPU.ActiveCfg = Debug|Any CPU
		{81238EE2-1425-45A6-ABE5-DE0E67C31253}.Debug|Any CPU.Build.0 = Debug|Any CPU
		{81238EE2-1425-45A6-ABE5-DE0E67C31253}.Release|Any CPU.ActiveCfg = Release|Any CPU
		{81238EE2-1425-45A6-ABE5-DE0E67C31253}.Release|Any CPU.Build.0 = Release|Any CPU
	EndGlobalSection
	GlobalSection(SolutionProperties) = preSolution
		HideSolutionNode = FALSE
	EndGlobalSection
EndGlobal
