
Microsoft Visual Studio Solution File, Format Version 11.00
# Visual Studio 2010
Project("{FAE04EC0-301F-11D3-BF4B-00C04F79EFBC}") = "PMP.Client", "PMP.Client\PMP.Client.csproj", "{A1E599BC-EA51-4C85-BA31-C03B2B97B954}"
EndProject
Project("{FAE04EC0-301F-11D3-BF4B-00C04F79EFBC}") = "PMP.Interfaces", "PMP.Interfaces\PMP.Interfaces.csproj", "{84002432-F3AB-42B1-B15F-D70E22A5FF69}"
EndProject
Project("{FAE04EC0-301F-11D3-BF4B-00C04F79EFBC}") = "PMP.Mapeadores", "PMP.Mapeadores\PMP.Mapeadores.csproj", "{76EEBB9E-E7ED-4CE9-9497-795454C045AE}"
EndProject
Project("{FAE04EC0-301F-11D3-BF4B-00C04F79EFBC}") = "PMP.Negocio", "PMP.Negocio\PMP.Negocio.csproj", "{1D8B8B30-6FF4-4AD8-94FA-68CB86470079}"
EndProject
Project("{FAE04EC0-301F-11D3-BF4B-00C04F79EFBC}") = "PMP.Servicos.Local", "PMP.Servicos.Local\PMP.Servicos.Local.csproj", "{E864886C-FD1C-4966-83F4-4062E76E6CF7}"
EndProject
Project("{2150E333-8FDC-42A3-9474-1A3956D46DE8}") = "Scripts", "Scripts", "{9C3FCF5E-900A-461D-9515-3A772FC803C2}"
	ProjectSection(SolutionItems) = preProject
		..\doc\Banco de dados\PMP\INSERT_PMP.SQL = ..\doc\Banco de dados\PMP\INSERT_PMP.SQL
	EndProjectSection
EndProject
Project("{2150E333-8FDC-42A3-9474-1A3956D46DE8}") = "SQL Server", "SQL Server", "{53762C6F-56DC-4C4B-B212-658EC81C7D9D}"
	ProjectSection(SolutionItems) = preProject
		..\doc\Banco de dados\PMP\SQL Server\CREATE_PMP_SQLServer.sql = ..\doc\Banco de dados\PMP\SQL Server\CREATE_PMP_SQLServer.sql
	EndProjectSection
EndProject
Project("{FAE04EC0-301F-11D3-BF4B-00C04F79EFBC}") = "PMP.Windows", "PMP.Windows\PMP.Windows.csproj", "{C1BB18DB-0909-4C56-8752-06E7523E441E}"
EndProject
Global
	GlobalSection(SolutionConfigurationPlatforms) = preSolution
		Debug|Any CPU = Debug|Any CPU
		Debug|Mixed Platforms = Debug|Mixed Platforms
		Debug|x86 = Debug|x86
		Release|Any CPU = Release|Any CPU
		Release|Mixed Platforms = Release|Mixed Platforms
		Release|x86 = Release|x86
	EndGlobalSection
	GlobalSection(ProjectConfigurationPlatforms) = postSolution
		{A1E599BC-EA51-4C85-BA31-C03B2B97B954}.Debug|Any CPU.ActiveCfg = Debug|Any CPU
		{A1E599BC-EA51-4C85-BA31-C03B2B97B954}.Debug|Any CPU.Build.0 = Debug|Any CPU
		{A1E599BC-EA51-4C85-BA31-C03B2B97B954}.Debug|Mixed Platforms.ActiveCfg = Debug|Any CPU
		{A1E599BC-EA51-4C85-BA31-C03B2B97B954}.Debug|Mixed Platforms.Build.0 = Debug|Any CPU
		{A1E599BC-EA51-4C85-BA31-C03B2B97B954}.Debug|x86.ActiveCfg = Debug|Any CPU
		{A1E599BC-EA51-4C85-BA31-C03B2B97B954}.Release|Any CPU.ActiveCfg = Release|Any CPU
		{A1E599BC-EA51-4C85-BA31-C03B2B97B954}.Release|Any CPU.Build.0 = Release|Any CPU
		{A1E599BC-EA51-4C85-BA31-C03B2B97B954}.Release|Mixed Platforms.ActiveCfg = Release|Any CPU
		{A1E599BC-EA51-4C85-BA31-C03B2B97B954}.Release|Mixed Platforms.Build.0 = Release|Any CPU
		{A1E599BC-EA51-4C85-BA31-C03B2B97B954}.Release|x86.ActiveCfg = Release|Any CPU
		{84002432-F3AB-42B1-B15F-D70E22A5FF69}.Debug|Any CPU.ActiveCfg = Debug|Any CPU
		{84002432-F3AB-42B1-B15F-D70E22A5FF69}.Debug|Any CPU.Build.0 = Debug|Any CPU
		{84002432-F3AB-42B1-B15F-D70E22A5FF69}.Debug|Mixed Platforms.ActiveCfg = Debug|Any CPU
		{84002432-F3AB-42B1-B15F-D70E22A5FF69}.Debug|Mixed Platforms.Build.0 = Debug|Any CPU
		{84002432-F3AB-42B1-B15F-D70E22A5FF69}.Debug|x86.ActiveCfg = Debug|Any CPU
		{84002432-F3AB-42B1-B15F-D70E22A5FF69}.Release|Any CPU.ActiveCfg = Release|Any CPU
		{84002432-F3AB-42B1-B15F-D70E22A5FF69}.Release|Any CPU.Build.0 = Release|Any CPU
		{84002432-F3AB-42B1-B15F-D70E22A5FF69}.Release|Mixed Platforms.ActiveCfg = Release|Any CPU
		{84002432-F3AB-42B1-B15F-D70E22A5FF69}.Release|Mixed Platforms.Build.0 = Release|Any CPU
		{84002432-F3AB-42B1-B15F-D70E22A5FF69}.Release|x86.ActiveCfg = Release|Any CPU
		{76EEBB9E-E7ED-4CE9-9497-795454C045AE}.Debug|Any CPU.ActiveCfg = Debug|Any CPU
		{76EEBB9E-E7ED-4CE9-9497-795454C045AE}.Debug|Any CPU.Build.0 = Debug|Any CPU
		{76EEBB9E-E7ED-4CE9-9497-795454C045AE}.Debug|Mixed Platforms.ActiveCfg = Debug|Any CPU
		{76EEBB9E-E7ED-4CE9-9497-795454C045AE}.Debug|Mixed Platforms.Build.0 = Debug|Any CPU
		{76EEBB9E-E7ED-4CE9-9497-795454C045AE}.Debug|x86.ActiveCfg = Debug|Any CPU
		{76EEBB9E-E7ED-4CE9-9497-795454C045AE}.Release|Any CPU.ActiveCfg = Release|Any CPU
		{76EEBB9E-E7ED-4CE9-9497-795454C045AE}.Release|Any CPU.Build.0 = Release|Any CPU
		{76EEBB9E-E7ED-4CE9-9497-795454C045AE}.Release|Mixed Platforms.ActiveCfg = Release|Any CPU
		{76EEBB9E-E7ED-4CE9-9497-795454C045AE}.Release|Mixed Platforms.Build.0 = Release|Any CPU
		{76EEBB9E-E7ED-4CE9-9497-795454C045AE}.Release|x86.ActiveCfg = Release|Any CPU
		{1D8B8B30-6FF4-4AD8-94FA-68CB86470079}.Debug|Any CPU.ActiveCfg = Debug|Any CPU
		{1D8B8B30-6FF4-4AD8-94FA-68CB86470079}.Debug|Any CPU.Build.0 = Debug|Any CPU
		{1D8B8B30-6FF4-4AD8-94FA-68CB86470079}.Debug|Mixed Platforms.ActiveCfg = Debug|Any CPU
		{1D8B8B30-6FF4-4AD8-94FA-68CB86470079}.Debug|Mixed Platforms.Build.0 = Debug|Any CPU
		{1D8B8B30-6FF4-4AD8-94FA-68CB86470079}.Debug|x86.ActiveCfg = Debug|Any CPU
		{1D8B8B30-6FF4-4AD8-94FA-68CB86470079}.Release|Any CPU.ActiveCfg = Release|Any CPU
		{1D8B8B30-6FF4-4AD8-94FA-68CB86470079}.Release|Any CPU.Build.0 = Release|Any CPU
		{1D8B8B30-6FF4-4AD8-94FA-68CB86470079}.Release|Mixed Platforms.ActiveCfg = Release|Any CPU
		{1D8B8B30-6FF4-4AD8-94FA-68CB86470079}.Release|Mixed Platforms.Build.0 = Release|Any CPU
		{1D8B8B30-6FF4-4AD8-94FA-68CB86470079}.Release|x86.ActiveCfg = Release|Any CPU
		{E864886C-FD1C-4966-83F4-4062E76E6CF7}.Debug|Any CPU.ActiveCfg = Debug|Any CPU
		{E864886C-FD1C-4966-83F4-4062E76E6CF7}.Debug|Any CPU.Build.0 = Debug|Any CPU
		{E864886C-FD1C-4966-83F4-4062E76E6CF7}.Debug|Mixed Platforms.ActiveCfg = Debug|Any CPU
		{E864886C-FD1C-4966-83F4-4062E76E6CF7}.Debug|Mixed Platforms.Build.0 = Debug|Any CPU
		{E864886C-FD1C-4966-83F4-4062E76E6CF7}.Debug|x86.ActiveCfg = Debug|Any CPU
		{E864886C-FD1C-4966-83F4-4062E76E6CF7}.Release|Any CPU.ActiveCfg = Release|Any CPU
		{E864886C-FD1C-4966-83F4-4062E76E6CF7}.Release|Any CPU.Build.0 = Release|Any CPU
		{E864886C-FD1C-4966-83F4-4062E76E6CF7}.Release|Mixed Platforms.ActiveCfg = Release|Any CPU
		{E864886C-FD1C-4966-83F4-4062E76E6CF7}.Release|Mixed Platforms.Build.0 = Release|Any CPU
		{E864886C-FD1C-4966-83F4-4062E76E6CF7}.Release|x86.ActiveCfg = Release|Any CPU
		{C1BB18DB-0909-4C56-8752-06E7523E441E}.Debug|Any CPU.ActiveCfg = Debug|x86
		{C1BB18DB-0909-4C56-8752-06E7523E441E}.Debug|Mixed Platforms.ActiveCfg = Debug|x86
		{C1BB18DB-0909-4C56-8752-06E7523E441E}.Debug|Mixed Platforms.Build.0 = Debug|x86
		{C1BB18DB-0909-4C56-8752-06E7523E441E}.Debug|x86.ActiveCfg = Debug|x86
		{C1BB18DB-0909-4C56-8752-06E7523E441E}.Debug|x86.Build.0 = Debug|x86
		{C1BB18DB-0909-4C56-8752-06E7523E441E}.Release|Any CPU.ActiveCfg = Release|x86
		{C1BB18DB-0909-4C56-8752-06E7523E441E}.Release|Mixed Platforms.ActiveCfg = Release|x86
		{C1BB18DB-0909-4C56-8752-06E7523E441E}.Release|Mixed Platforms.Build.0 = Release|x86
		{C1BB18DB-0909-4C56-8752-06E7523E441E}.Release|x86.ActiveCfg = Release|x86
		{C1BB18DB-0909-4C56-8752-06E7523E441E}.Release|x86.Build.0 = Release|x86
	EndGlobalSection
	GlobalSection(SolutionProperties) = preSolution
		HideSolutionNode = FALSE
	EndGlobalSection
	GlobalSection(NestedProjects) = preSolution
		{53762C6F-56DC-4C4B-B212-658EC81C7D9D} = {9C3FCF5E-900A-461D-9515-3A772FC803C2}
	EndGlobalSection
EndGlobal
