
Microsoft Visual Studio Solution File, Format Version 10.00
# Visual Studio 2008
Project("{F184B08F-C81C-45F6-A57F-5ABD9991F28F}") = "PetSys.Negocio", "PetSys.Negocio\PetSys.Negocio.vbproj", "{5595A133-F94B-4FDF-A7A2-28FE38B30F9D}"
EndProject
Project("{F184B08F-C81C-45F6-A57F-5ABD9991F28F}") = "PetSys.Mapeadores", "PetSys.Mapeadores\PetSys.Mapeadores.vbproj", "{E3AA1F0B-99A2-4820-9DFF-EB3E27950EC5}"
EndProject
Project("{F184B08F-C81C-45F6-A57F-5ABD9991F28F}") = "PetSys.Interfaces", "PetSys.Interfaces\PetSys.Interfaces.vbproj", "{3B0594C1-F788-45D1-8C69-704701DFD63B}"
EndProject
Project("{F184B08F-C81C-45F6-A57F-5ABD9991F28F}") = "Compartilhados", "Compartilhados\Compartilhados.vbproj", "{06F3AE73-7806-44D1-9DAD-7C227869B4B8}"
EndProject
Project("{F184B08F-C81C-45F6-A57F-5ABD9991F28F}") = "WorkSpace", "WorkSpace\WorkSpace.vbproj", "{D9BD1B40-9DE9-4F2B-A80F-9E22B0BF8E35}"
EndProject
Project("{F184B08F-C81C-45F6-A57F-5ABD9991F28F}") = "Compartilhados.Interfaces", "Compartilhados.Interfaces\Compartilhados.Interfaces.vbproj", "{FE5690EE-7C9F-40EA-A41A-C4137EEB58AB}"
EndProject
Project("{F184B08F-C81C-45F6-A57F-5ABD9991F28F}") = "Core.Interfaces", "Core.Interfaces\Core.Interfaces.vbproj", "{27EDA738-8B31-4FF6-88C1-54E6290B4CFE}"
EndProject
Project("{F184B08F-C81C-45F6-A57F-5ABD9991F28F}") = "Core.Mapeadores", "Core.Mapeadores\Core.Mapeadores.vbproj", "{9457964D-4C0B-45DA-8055-C179B7A8ECCD}"
EndProject
Project("{F184B08F-C81C-45F6-A57F-5ABD9991F28F}") = "Core.Negocio", "Core.Negocio\Core.Negocio.vbproj", "{05E1946F-C06A-44C3-AE6C-804A9FE870CD}"
EndProject
Project("{F184B08F-C81C-45F6-A57F-5ABD9991F28F}") = "Compartilhados.Componentes.Web", "Compartilhados.Componentes.Web\Compartilhados.Componentes.Web.vbproj", "{B2935024-FBB7-4486-B3DE-2061BD3D03F0}"
EndProject
Project("{F184B08F-C81C-45F6-A57F-5ABD9991F28F}") = "Core.Servicos.Local", "Core.Servicos.Local\Core.Servicos.Local.vbproj", "{23C4B0B6-DA4C-434D-9D06-6630BD1A1651}"
EndProject
Project("{F184B08F-C81C-45F6-A57F-5ABD9991F28F}") = "Core.Servicos.RemotoCOM", "Core.Servicos.RemotoCOM\Core.Servicos.RemotoCOM.vbproj", "{4394785A-F82B-4460-9C95-B6D0EA1D9121}"
EndProject
Project("{F184B08F-C81C-45F6-A57F-5ABD9991F28F}") = "PetSys.Servicos.Local", "PetSys.Servicos.Local\PetSys.Servicos.Local.vbproj", "{CF984B8A-6EC5-4CD0-88CC-DD1D8BAF6294}"
EndProject
Project("{F184B08F-C81C-45F6-A57F-5ABD9991F28F}") = "InicializaBD", "InicializaBD\InicializaBD.vbproj", "{77A40243-C406-43FB-B680-DF45171A978E}"
EndProject
Project("{F184B08F-C81C-45F6-A57F-5ABD9991F28F}") = "Estoque.Interfaces", "Estoque.Interfaces\Estoque.Interfaces.vbproj", "{F7E08A53-2F27-43C8-8C67-B39200BBC1A0}"
EndProject
Project("{2150E333-8FDC-42A3-9474-1A3956D46DE8}") = "Core", "Core", "{F12FEDF3-264A-4FE4-9D4E-D98BA356579E}"
EndProject
Project("{2150E333-8FDC-42A3-9474-1A3956D46DE8}") = "PetSys", "PetSys", "{81FB07BA-B9FF-4779-92DA-D2858647405A}"
EndProject
Project("{2150E333-8FDC-42A3-9474-1A3956D46DE8}") = "Estoque", "Estoque", "{BF21D39E-C3B0-4A28-9200-AF0E0CC85607}"
EndProject
Project("{F184B08F-C81C-45F6-A57F-5ABD9991F28F}") = "Estoque.Mapeadores", "Estoque.Mapeadores\Estoque.Mapeadores.vbproj", "{5F00D436-288C-4024-9612-C97311A06BC1}"
EndProject
Project("{F184B08F-C81C-45F6-A57F-5ABD9991F28F}") = "Estoque.Negocio", "Estoque.Negocio\Estoque.Negocio.vbproj", "{BDE48A12-BD95-4BD0-B5A8-8C9F66B7C1D3}"
EndProject
Project("{F184B08F-C81C-45F6-A57F-5ABD9991F28F}") = "Estoque.Servicos.Local", "Estoque.Servicos.Local\Estoque.Servicos.Local.vbproj", "{2BC2F3D0-A18D-454E-8F55-5FAFBD21A6D2}"
EndProject
Project("{2150E333-8FDC-42A3-9474-1A3956D46DE8}") = "T13", "T13", "{0AD0D2A7-8079-4A30-ABED-8EDD082FA7A4}"
EndProject
Project("{F184B08F-C81C-45F6-A57F-5ABD9991F28F}") = "T13.Mapeadores", "T13.Mapeadores\T13.Mapeadores.vbproj", "{D9D4DBF8-5816-490D-88E1-FC5527CB02AF}"
EndProject
Project("{F184B08F-C81C-45F6-A57F-5ABD9991F28F}") = "T13.Interfaces", "T13.Interfaces\T13.Interfaces.vbproj", "{6E50B929-7BCF-45C3-A536-9CE6DE1F7835}"
EndProject
Project("{F184B08F-C81C-45F6-A57F-5ABD9991F28F}") = "T13.Servicos.Local", "T13.Servicos.Local\T13.Servicos.Local.vbproj", "{8EBBFD5F-FA34-4F2C-BBA2-B6DFC8F288F0}"
EndProject
Project("{F184B08F-C81C-45F6-A57F-5ABD9991F28F}") = "T13.Negocio", "T13.Negocio\T13.Negocio.vbproj", "{1BEA298D-9051-4CE2-BA52-AE8E390E9A6E}"
EndProject
Project("{2150E333-8FDC-42A3-9474-1A3956D46DE8}") = "Scripts", "Scripts", "{7A7DF79D-FAF0-481A-BAF4-DCD75F0DA727}"
	ProjectSection(SolutionItems) = preProject
		..\doc\Banco de dados\T13\Insert_T13.sql = ..\doc\Banco de dados\T13\Insert_T13.sql
	EndProjectSection
EndProject
Project("{2150E333-8FDC-42A3-9474-1A3956D46DE8}") = "Scripts", "Scripts", "{A97F6B98-66C7-45C9-BAE8-A04FAC2F0B5E}"
	ProjectSection(SolutionItems) = preProject
		..\doc\Banco de dados\PetSys\INSERT.sql = ..\doc\Banco de dados\PetSys\INSERT.sql
	EndProjectSection
EndProject
Project("{2150E333-8FDC-42A3-9474-1A3956D46DE8}") = "MySQL", "MySQL", "{0409B1D2-49EF-4142-BF70-F9E4385E192D}"
	ProjectSection(SolutionItems) = preProject
		..\doc\Banco de dados\PetSys\MySQL\CREATE_PET.sql = ..\doc\Banco de dados\PetSys\MySQL\CREATE_PET.sql
	EndProjectSection
EndProject
Project("{2150E333-8FDC-42A3-9474-1A3956D46DE8}") = "Oracle", "Oracle", "{F23DED54-6076-4198-9E49-11F4EF708507}"
	ProjectSection(SolutionItems) = preProject
		..\doc\Banco de dados\PetSys\ORACLE\CREATE_PET.sql = ..\doc\Banco de dados\PetSys\ORACLE\CREATE_PET.sql
	EndProjectSection
EndProject
Project("{2150E333-8FDC-42A3-9474-1A3956D46DE8}") = "SQL Server", "SQL Server", "{57013615-97AA-4447-A18A-A850DBA9243E}"
	ProjectSection(SolutionItems) = preProject
		..\doc\Banco de dados\PetSys\SQL Server\CREATE_PET.sql = ..\doc\Banco de dados\PetSys\SQL Server\CREATE_PET.sql
	EndProjectSection
EndProject
Project("{2150E333-8FDC-42A3-9474-1A3956D46DE8}") = "SQL Server", "SQL Server", "{6D350BF4-D01C-4D50-A8C2-6812C256A9EB}"
	ProjectSection(SolutionItems) = preProject
		..\doc\Banco de dados\T13\SQL Server\Create_T13.sql = ..\doc\Banco de dados\T13\SQL Server\Create_T13.sql
	EndProjectSection
EndProject
Project("{2150E333-8FDC-42A3-9474-1A3956D46DE8}") = "Scripts", "Scripts", "{2373746D-18C4-4425-B1E5-E80C1D9FCB6B}"
	ProjectSection(SolutionItems) = preProject
		..\doc\Banco de dados\Nucleo\INSERT.sql = ..\doc\Banco de dados\Nucleo\INSERT.sql
	EndProjectSection
EndProject
Project("{2150E333-8FDC-42A3-9474-1A3956D46DE8}") = "MySQL", "MySQL", "{F2A78F6E-566F-4E74-A1E3-8F756C7512B7}"
	ProjectSection(SolutionItems) = preProject
		..\doc\Banco de dados\Nucleo\MySQL\CREATE_NCL.sql = ..\doc\Banco de dados\Nucleo\MySQL\CREATE_NCL.sql
	EndProjectSection
EndProject
Project("{2150E333-8FDC-42A3-9474-1A3956D46DE8}") = "Oracle", "Oracle", "{24CE9EE7-E5CF-41EB-B8C1-FC9FC2DD90B2}"
	ProjectSection(SolutionItems) = preProject
		..\doc\Banco de dados\Nucleo\ORACLE\CREATE_NCL.sql = ..\doc\Banco de dados\Nucleo\ORACLE\CREATE_NCL.sql
	EndProjectSection
EndProject
Project("{2150E333-8FDC-42A3-9474-1A3956D46DE8}") = "SQL Server", "SQL Server", "{3EB1AF7B-A54A-48B5-A8FE-50167E3670E0}"
	ProjectSection(SolutionItems) = preProject
		..\doc\Banco de dados\Nucleo\SQL Server\CREATE_NCL.sql = ..\doc\Banco de dados\Nucleo\SQL Server\CREATE_NCL.sql
	EndProjectSection
EndProject
Project("{54435603-DBB4-11D2-8724-00A0C9A8B90C}") = "T13.Setup", "T13.Setup\T13.Setup.vdproj", "{B1C7AC0F-CDBC-41D0-886D-2F14F0FE5304}"
EndProject
Project("{2150E333-8FDC-42A3-9474-1A3956D46DE8}") = "Scripts", "Scripts", "{9CFCF355-FDFB-4CD9-A4EA-FA104D8A1336}"
	ProjectSection(SolutionItems) = preProject
		..\doc\Banco de dados\Estoque\SQL Server\INSERT.SQL = ..\doc\Banco de dados\Estoque\SQL Server\INSERT.SQL
	EndProjectSection
EndProject
Project("{2150E333-8FDC-42A3-9474-1A3956D46DE8}") = "SQL Server", "SQL Server", "{E5791C36-89F5-47A8-B314-9E714785C189}"
	ProjectSection(SolutionItems) = preProject
		..\doc\Banco de dados\Estoque\SQL Server\CREATE.SQL = ..\doc\Banco de dados\Estoque\SQL Server\CREATE.SQL
	EndProjectSection
EndProject
Project("{2150E333-8FDC-42A3-9474-1A3956D46DE8}") = "Solution Items", "Solution Items", "{1152A593-8F96-4755-AA7C-8248098EE64E}"
	ProjectSection(SolutionItems) = preProject
		..\bin\municipios.sql = ..\bin\municipios.sql
	EndProjectSection
EndProject
Project("{2150E333-8FDC-42A3-9474-1A3956D46DE8}") = "SQLITE", "SQLITE", "{D37D7E80-4567-48DB-831E-972E80AA1A55}"
	ProjectSection(SolutionItems) = preProject
		..\doc\Banco de dados\Nucleo\SQLITE\CREATE_NCL.sql = ..\doc\Banco de dados\Nucleo\SQLITE\CREATE_NCL.sql
	EndProjectSection
EndProject
Project("{2150E333-8FDC-42A3-9474-1A3956D46DE8}") = "SQLite", "SQLite", "{3C1DBD5E-0217-4312-89A9-10A726C52A40}"
	ProjectSection(SolutionItems) = preProject
		..\doc\Banco de dados\Estoque\SQLite\CREATE.SQL = ..\doc\Banco de dados\Estoque\SQLite\CREATE.SQL
	EndProjectSection
EndProject
Project("{2150E333-8FDC-42A3-9474-1A3956D46DE8}") = "SQLite", "SQLite", "{EC4AA39D-F192-4CEA-B548-82ECD7292782}"
	ProjectSection(SolutionItems) = preProject
		..\doc\Banco de dados\PetSys\SQLite\CREATE_PET.sql = ..\doc\Banco de dados\PetSys\SQLite\CREATE_PET.sql
	EndProjectSection
EndProject
Project("{2150E333-8FDC-42A3-9474-1A3956D46DE8}") = "Financeiro", "Financeiro", "{1E0D03CF-229E-40EE-90EE-2B6B11400DBB}"
EndProject
Project("{2150E333-8FDC-42A3-9474-1A3956D46DE8}") = "Compras", "Compras", "{B3A42ACA-9091-4B2A-8FD9-9427230B8B5B}"
EndProject
Project("{2150E333-8FDC-42A3-9474-1A3956D46DE8}") = "Vendas", "Vendas", "{02F9270C-5500-4A0D-A004-34CD282C5564}"
EndProject
Project("{2150E333-8FDC-42A3-9474-1A3956D46DE8}") = "OS", "OS", "{6E7BD84F-C34A-4E7C-8CAD-F2E46C8906E7}"
EndProject
Project("{2150E333-8FDC-42A3-9474-1A3956D46DE8}") = "Custos", "Custos", "{A528EB0B-F38A-4B2D-984A-9F9AF12112BB}"
EndProject
Project("{2150E333-8FDC-42A3-9474-1A3956D46DE8}") = "Scripts", "Scripts", "{A7808000-9477-484E-8BDC-80EEB5E07486}"
	ProjectSection(SolutionItems) = preProject
		..\doc\Banco de dados\Custos\INSERT.SQL = ..\doc\Banco de dados\Custos\INSERT.SQL
	EndProjectSection
EndProject
Project("{2150E333-8FDC-42A3-9474-1A3956D46DE8}") = "Scripts", "Scripts", "{94CED864-23F2-4448-B10D-5426FF666F4B}"
	ProjectSection(SolutionItems) = preProject
		..\doc\Banco de dados\Financeiro\INSERT.SQL = ..\doc\Banco de dados\Financeiro\INSERT.SQL
	EndProjectSection
EndProject
Project("{2150E333-8FDC-42A3-9474-1A3956D46DE8}") = "SQL Server", "SQL Server", "{ABBB7262-43BF-404B-A577-03328F6242A9}"
EndProject
Project("{2150E333-8FDC-42A3-9474-1A3956D46DE8}") = "SQLite", "SQLite", "{9BA8957A-38F4-440A-A8F5-C5F365723FB3}"
EndProject
Project("{F184B08F-C81C-45F6-A57F-5ABD9991F28F}") = "T13.Servicos.RemotoCOM", "T13.Servicos.RemotoCOM\T13.Servicos.RemotoCOM.vbproj", "{DFC04CE5-15DB-4D71-AED5-D019B350498A}"
EndProject
Project("{F184B08F-C81C-45F6-A57F-5ABD9991F28F}") = "SimpleLotoFacil", "SimpleLotoFacil\SimpleLotoFacil.vbproj", "{EF1E2ADC-A940-4AE3-9008-93A480C204FD}"
EndProject
Project("{F184B08F-C81C-45F6-A57F-5ABD9991F28F}") = "Lotofacil.Negocio", "Lotofacil.Negocio\Lotofacil.Negocio.vbproj", "{FF634981-DC0A-46D3-8AF9-193E66EB87BA}"
EndProject
Project("{2150E333-8FDC-42A3-9474-1A3956D46DE8}") = "Lotofacil", "Lotofacil", "{FEE761C1-3919-4AC0-8343-51A975E50501}"
EndProject
Project("{F184B08F-C81C-45F6-A57F-5ABD9991F28F}") = "Lotofacil.Persistencia", "Lotofacil.Persistencia\Lotofacil.Persistencia.vbproj", "{772B7D84-FB33-42BE-B980-8E5D975B6553}"
EndProject
Project("{F184B08F-C81C-45F6-A57F-5ABD9991F28F}") = "LotoFacil.Facade", "LotoFacil.Facade\LotoFacil.Facade.vbproj", "{7D3CDD50-A1B0-40D8-99E1-62C7AE3B5DD4}"
EndProject
Global
	GlobalSection(SolutionConfigurationPlatforms) = preSolution
		Debug|Any CPU = Debug|Any CPU
		Release|Any CPU = Release|Any CPU
	EndGlobalSection
	GlobalSection(ProjectConfigurationPlatforms) = postSolution
		{5595A133-F94B-4FDF-A7A2-28FE38B30F9D}.Debug|Any CPU.ActiveCfg = Debug|Any CPU
		{5595A133-F94B-4FDF-A7A2-28FE38B30F9D}.Debug|Any CPU.Build.0 = Debug|Any CPU
		{5595A133-F94B-4FDF-A7A2-28FE38B30F9D}.Release|Any CPU.ActiveCfg = Release|Any CPU
		{5595A133-F94B-4FDF-A7A2-28FE38B30F9D}.Release|Any CPU.Build.0 = Release|Any CPU
		{E3AA1F0B-99A2-4820-9DFF-EB3E27950EC5}.Debug|Any CPU.ActiveCfg = Debug|Any CPU
		{E3AA1F0B-99A2-4820-9DFF-EB3E27950EC5}.Debug|Any CPU.Build.0 = Debug|Any CPU
		{E3AA1F0B-99A2-4820-9DFF-EB3E27950EC5}.Release|Any CPU.ActiveCfg = Release|Any CPU
		{E3AA1F0B-99A2-4820-9DFF-EB3E27950EC5}.Release|Any CPU.Build.0 = Release|Any CPU
		{3B0594C1-F788-45D1-8C69-704701DFD63B}.Debug|Any CPU.ActiveCfg = Debug|Any CPU
		{3B0594C1-F788-45D1-8C69-704701DFD63B}.Debug|Any CPU.Build.0 = Debug|Any CPU
		{3B0594C1-F788-45D1-8C69-704701DFD63B}.Release|Any CPU.ActiveCfg = Release|Any CPU
		{3B0594C1-F788-45D1-8C69-704701DFD63B}.Release|Any CPU.Build.0 = Release|Any CPU
		{06F3AE73-7806-44D1-9DAD-7C227869B4B8}.Debug|Any CPU.ActiveCfg = Debug|Any CPU
		{06F3AE73-7806-44D1-9DAD-7C227869B4B8}.Debug|Any CPU.Build.0 = Debug|Any CPU
		{06F3AE73-7806-44D1-9DAD-7C227869B4B8}.Release|Any CPU.ActiveCfg = Release|Any CPU
		{06F3AE73-7806-44D1-9DAD-7C227869B4B8}.Release|Any CPU.Build.0 = Release|Any CPU
		{D9BD1B40-9DE9-4F2B-A80F-9E22B0BF8E35}.Debug|Any CPU.ActiveCfg = Debug|Any CPU
		{D9BD1B40-9DE9-4F2B-A80F-9E22B0BF8E35}.Debug|Any CPU.Build.0 = Debug|Any CPU
		{D9BD1B40-9DE9-4F2B-A80F-9E22B0BF8E35}.Release|Any CPU.ActiveCfg = Release|Any CPU
		{D9BD1B40-9DE9-4F2B-A80F-9E22B0BF8E35}.Release|Any CPU.Build.0 = Release|Any CPU
		{FE5690EE-7C9F-40EA-A41A-C4137EEB58AB}.Debug|Any CPU.ActiveCfg = Debug|Any CPU
		{FE5690EE-7C9F-40EA-A41A-C4137EEB58AB}.Debug|Any CPU.Build.0 = Debug|Any CPU
		{FE5690EE-7C9F-40EA-A41A-C4137EEB58AB}.Release|Any CPU.ActiveCfg = Release|Any CPU
		{FE5690EE-7C9F-40EA-A41A-C4137EEB58AB}.Release|Any CPU.Build.0 = Release|Any CPU
		{27EDA738-8B31-4FF6-88C1-54E6290B4CFE}.Debug|Any CPU.ActiveCfg = Debug|Any CPU
		{27EDA738-8B31-4FF6-88C1-54E6290B4CFE}.Debug|Any CPU.Build.0 = Debug|Any CPU
		{27EDA738-8B31-4FF6-88C1-54E6290B4CFE}.Release|Any CPU.ActiveCfg = Release|Any CPU
		{27EDA738-8B31-4FF6-88C1-54E6290B4CFE}.Release|Any CPU.Build.0 = Release|Any CPU
		{9457964D-4C0B-45DA-8055-C179B7A8ECCD}.Debug|Any CPU.ActiveCfg = Debug|Any CPU
		{9457964D-4C0B-45DA-8055-C179B7A8ECCD}.Debug|Any CPU.Build.0 = Debug|Any CPU
		{9457964D-4C0B-45DA-8055-C179B7A8ECCD}.Release|Any CPU.ActiveCfg = Release|Any CPU
		{9457964D-4C0B-45DA-8055-C179B7A8ECCD}.Release|Any CPU.Build.0 = Release|Any CPU
		{05E1946F-C06A-44C3-AE6C-804A9FE870CD}.Debug|Any CPU.ActiveCfg = Debug|Any CPU
		{05E1946F-C06A-44C3-AE6C-804A9FE870CD}.Debug|Any CPU.Build.0 = Debug|Any CPU
		{05E1946F-C06A-44C3-AE6C-804A9FE870CD}.Release|Any CPU.ActiveCfg = Release|Any CPU
		{05E1946F-C06A-44C3-AE6C-804A9FE870CD}.Release|Any CPU.Build.0 = Release|Any CPU
		{B2935024-FBB7-4486-B3DE-2061BD3D03F0}.Debug|Any CPU.ActiveCfg = Debug|Any CPU
		{B2935024-FBB7-4486-B3DE-2061BD3D03F0}.Debug|Any CPU.Build.0 = Debug|Any CPU
		{B2935024-FBB7-4486-B3DE-2061BD3D03F0}.Release|Any CPU.ActiveCfg = Release|Any CPU
		{B2935024-FBB7-4486-B3DE-2061BD3D03F0}.Release|Any CPU.Build.0 = Release|Any CPU
		{23C4B0B6-DA4C-434D-9D06-6630BD1A1651}.Debug|Any CPU.ActiveCfg = Debug|Any CPU
		{23C4B0B6-DA4C-434D-9D06-6630BD1A1651}.Debug|Any CPU.Build.0 = Debug|Any CPU
		{23C4B0B6-DA4C-434D-9D06-6630BD1A1651}.Release|Any CPU.ActiveCfg = Release|Any CPU
		{23C4B0B6-DA4C-434D-9D06-6630BD1A1651}.Release|Any CPU.Build.0 = Release|Any CPU
		{4394785A-F82B-4460-9C95-B6D0EA1D9121}.Debug|Any CPU.ActiveCfg = Debug|Any CPU
		{4394785A-F82B-4460-9C95-B6D0EA1D9121}.Debug|Any CPU.Build.0 = Debug|Any CPU
		{4394785A-F82B-4460-9C95-B6D0EA1D9121}.Release|Any CPU.ActiveCfg = Release|Any CPU
		{4394785A-F82B-4460-9C95-B6D0EA1D9121}.Release|Any CPU.Build.0 = Release|Any CPU
		{CF984B8A-6EC5-4CD0-88CC-DD1D8BAF6294}.Debug|Any CPU.ActiveCfg = Debug|Any CPU
		{CF984B8A-6EC5-4CD0-88CC-DD1D8BAF6294}.Debug|Any CPU.Build.0 = Debug|Any CPU
		{CF984B8A-6EC5-4CD0-88CC-DD1D8BAF6294}.Release|Any CPU.ActiveCfg = Release|Any CPU
		{CF984B8A-6EC5-4CD0-88CC-DD1D8BAF6294}.Release|Any CPU.Build.0 = Release|Any CPU
		{77A40243-C406-43FB-B680-DF45171A978E}.Debug|Any CPU.ActiveCfg = Debug|Any CPU
		{77A40243-C406-43FB-B680-DF45171A978E}.Debug|Any CPU.Build.0 = Debug|Any CPU
		{77A40243-C406-43FB-B680-DF45171A978E}.Release|Any CPU.ActiveCfg = Release|Any CPU
		{77A40243-C406-43FB-B680-DF45171A978E}.Release|Any CPU.Build.0 = Release|Any CPU
		{F7E08A53-2F27-43C8-8C67-B39200BBC1A0}.Debug|Any CPU.ActiveCfg = Debug|Any CPU
		{F7E08A53-2F27-43C8-8C67-B39200BBC1A0}.Debug|Any CPU.Build.0 = Debug|Any CPU
		{F7E08A53-2F27-43C8-8C67-B39200BBC1A0}.Release|Any CPU.ActiveCfg = Release|Any CPU
		{F7E08A53-2F27-43C8-8C67-B39200BBC1A0}.Release|Any CPU.Build.0 = Release|Any CPU
		{5F00D436-288C-4024-9612-C97311A06BC1}.Debug|Any CPU.ActiveCfg = Debug|Any CPU
		{5F00D436-288C-4024-9612-C97311A06BC1}.Debug|Any CPU.Build.0 = Debug|Any CPU
		{5F00D436-288C-4024-9612-C97311A06BC1}.Release|Any CPU.ActiveCfg = Release|Any CPU
		{5F00D436-288C-4024-9612-C97311A06BC1}.Release|Any CPU.Build.0 = Release|Any CPU
		{BDE48A12-BD95-4BD0-B5A8-8C9F66B7C1D3}.Debug|Any CPU.ActiveCfg = Debug|Any CPU
		{BDE48A12-BD95-4BD0-B5A8-8C9F66B7C1D3}.Debug|Any CPU.Build.0 = Debug|Any CPU
		{BDE48A12-BD95-4BD0-B5A8-8C9F66B7C1D3}.Release|Any CPU.ActiveCfg = Release|Any CPU
		{BDE48A12-BD95-4BD0-B5A8-8C9F66B7C1D3}.Release|Any CPU.Build.0 = Release|Any CPU
		{2BC2F3D0-A18D-454E-8F55-5FAFBD21A6D2}.Debug|Any CPU.ActiveCfg = Debug|Any CPU
		{2BC2F3D0-A18D-454E-8F55-5FAFBD21A6D2}.Debug|Any CPU.Build.0 = Debug|Any CPU
		{2BC2F3D0-A18D-454E-8F55-5FAFBD21A6D2}.Release|Any CPU.ActiveCfg = Release|Any CPU
		{2BC2F3D0-A18D-454E-8F55-5FAFBD21A6D2}.Release|Any CPU.Build.0 = Release|Any CPU
		{D9D4DBF8-5816-490D-88E1-FC5527CB02AF}.Debug|Any CPU.ActiveCfg = Debug|Any CPU
		{D9D4DBF8-5816-490D-88E1-FC5527CB02AF}.Debug|Any CPU.Build.0 = Debug|Any CPU
		{D9D4DBF8-5816-490D-88E1-FC5527CB02AF}.Release|Any CPU.ActiveCfg = Release|Any CPU
		{D9D4DBF8-5816-490D-88E1-FC5527CB02AF}.Release|Any CPU.Build.0 = Release|Any CPU
		{6E50B929-7BCF-45C3-A536-9CE6DE1F7835}.Debug|Any CPU.ActiveCfg = Debug|Any CPU
		{6E50B929-7BCF-45C3-A536-9CE6DE1F7835}.Debug|Any CPU.Build.0 = Debug|Any CPU
		{6E50B929-7BCF-45C3-A536-9CE6DE1F7835}.Release|Any CPU.ActiveCfg = Release|Any CPU
		{6E50B929-7BCF-45C3-A536-9CE6DE1F7835}.Release|Any CPU.Build.0 = Release|Any CPU
		{8EBBFD5F-FA34-4F2C-BBA2-B6DFC8F288F0}.Debug|Any CPU.ActiveCfg = Debug|Any CPU
		{8EBBFD5F-FA34-4F2C-BBA2-B6DFC8F288F0}.Debug|Any CPU.Build.0 = Debug|Any CPU
		{8EBBFD5F-FA34-4F2C-BBA2-B6DFC8F288F0}.Release|Any CPU.ActiveCfg = Release|Any CPU
		{8EBBFD5F-FA34-4F2C-BBA2-B6DFC8F288F0}.Release|Any CPU.Build.0 = Release|Any CPU
		{1BEA298D-9051-4CE2-BA52-AE8E390E9A6E}.Debug|Any CPU.ActiveCfg = Debug|Any CPU
		{1BEA298D-9051-4CE2-BA52-AE8E390E9A6E}.Debug|Any CPU.Build.0 = Debug|Any CPU
		{1BEA298D-9051-4CE2-BA52-AE8E390E9A6E}.Release|Any CPU.ActiveCfg = Release|Any CPU
		{1BEA298D-9051-4CE2-BA52-AE8E390E9A6E}.Release|Any CPU.Build.0 = Release|Any CPU
		{B1C7AC0F-CDBC-41D0-886D-2F14F0FE5304}.Debug|Any CPU.ActiveCfg = Debug
		{B1C7AC0F-CDBC-41D0-886D-2F14F0FE5304}.Release|Any CPU.ActiveCfg = Release
		{DFC04CE5-15DB-4D71-AED5-D019B350498A}.Debug|Any CPU.ActiveCfg = Debug|Any CPU
		{DFC04CE5-15DB-4D71-AED5-D019B350498A}.Debug|Any CPU.Build.0 = Debug|Any CPU
		{DFC04CE5-15DB-4D71-AED5-D019B350498A}.Release|Any CPU.ActiveCfg = Release|Any CPU
		{DFC04CE5-15DB-4D71-AED5-D019B350498A}.Release|Any CPU.Build.0 = Release|Any CPU
		{EF1E2ADC-A940-4AE3-9008-93A480C204FD}.Debug|Any CPU.ActiveCfg = Debug|Any CPU
		{EF1E2ADC-A940-4AE3-9008-93A480C204FD}.Debug|Any CPU.Build.0 = Debug|Any CPU
		{EF1E2ADC-A940-4AE3-9008-93A480C204FD}.Release|Any CPU.ActiveCfg = Release|Any CPU
		{EF1E2ADC-A940-4AE3-9008-93A480C204FD}.Release|Any CPU.Build.0 = Release|Any CPU
		{FF634981-DC0A-46D3-8AF9-193E66EB87BA}.Debug|Any CPU.ActiveCfg = Debug|Any CPU
		{FF634981-DC0A-46D3-8AF9-193E66EB87BA}.Debug|Any CPU.Build.0 = Debug|Any CPU
		{FF634981-DC0A-46D3-8AF9-193E66EB87BA}.Release|Any CPU.ActiveCfg = Release|Any CPU
		{FF634981-DC0A-46D3-8AF9-193E66EB87BA}.Release|Any CPU.Build.0 = Release|Any CPU
		{772B7D84-FB33-42BE-B980-8E5D975B6553}.Debug|Any CPU.ActiveCfg = Debug|Any CPU
		{772B7D84-FB33-42BE-B980-8E5D975B6553}.Debug|Any CPU.Build.0 = Debug|Any CPU
		{772B7D84-FB33-42BE-B980-8E5D975B6553}.Release|Any CPU.ActiveCfg = Release|Any CPU
		{772B7D84-FB33-42BE-B980-8E5D975B6553}.Release|Any CPU.Build.0 = Release|Any CPU
		{7D3CDD50-A1B0-40D8-99E1-62C7AE3B5DD4}.Debug|Any CPU.ActiveCfg = Debug|Any CPU
		{7D3CDD50-A1B0-40D8-99E1-62C7AE3B5DD4}.Debug|Any CPU.Build.0 = Debug|Any CPU
		{7D3CDD50-A1B0-40D8-99E1-62C7AE3B5DD4}.Release|Any CPU.ActiveCfg = Release|Any CPU
		{7D3CDD50-A1B0-40D8-99E1-62C7AE3B5DD4}.Release|Any CPU.Build.0 = Release|Any CPU
	EndGlobalSection
	GlobalSection(SolutionProperties) = preSolution
		HideSolutionNode = FALSE
	EndGlobalSection
	GlobalSection(NestedProjects) = preSolution
		{E3AA1F0B-99A2-4820-9DFF-EB3E27950EC5} = {81FB07BA-B9FF-4779-92DA-D2858647405A}
		{3B0594C1-F788-45D1-8C69-704701DFD63B} = {81FB07BA-B9FF-4779-92DA-D2858647405A}
		{CF984B8A-6EC5-4CD0-88CC-DD1D8BAF6294} = {81FB07BA-B9FF-4779-92DA-D2858647405A}
		{5595A133-F94B-4FDF-A7A2-28FE38B30F9D} = {81FB07BA-B9FF-4779-92DA-D2858647405A}
		{A97F6B98-66C7-45C9-BAE8-A04FAC2F0B5E} = {81FB07BA-B9FF-4779-92DA-D2858647405A}
		{9457964D-4C0B-45DA-8055-C179B7A8ECCD} = {F12FEDF3-264A-4FE4-9D4E-D98BA356579E}
		{05E1946F-C06A-44C3-AE6C-804A9FE870CD} = {F12FEDF3-264A-4FE4-9D4E-D98BA356579E}
		{23C4B0B6-DA4C-434D-9D06-6630BD1A1651} = {F12FEDF3-264A-4FE4-9D4E-D98BA356579E}
		{4394785A-F82B-4460-9C95-B6D0EA1D9121} = {F12FEDF3-264A-4FE4-9D4E-D98BA356579E}
		{27EDA738-8B31-4FF6-88C1-54E6290B4CFE} = {F12FEDF3-264A-4FE4-9D4E-D98BA356579E}
		{2373746D-18C4-4425-B1E5-E80C1D9FCB6B} = {F12FEDF3-264A-4FE4-9D4E-D98BA356579E}
		{F7E08A53-2F27-43C8-8C67-B39200BBC1A0} = {BF21D39E-C3B0-4A28-9200-AF0E0CC85607}
		{5F00D436-288C-4024-9612-C97311A06BC1} = {BF21D39E-C3B0-4A28-9200-AF0E0CC85607}
		{BDE48A12-BD95-4BD0-B5A8-8C9F66B7C1D3} = {BF21D39E-C3B0-4A28-9200-AF0E0CC85607}
		{2BC2F3D0-A18D-454E-8F55-5FAFBD21A6D2} = {BF21D39E-C3B0-4A28-9200-AF0E0CC85607}
		{9CFCF355-FDFB-4CD9-A4EA-FA104D8A1336} = {BF21D39E-C3B0-4A28-9200-AF0E0CC85607}
		{D9D4DBF8-5816-490D-88E1-FC5527CB02AF} = {0AD0D2A7-8079-4A30-ABED-8EDD082FA7A4}
		{6E50B929-7BCF-45C3-A536-9CE6DE1F7835} = {0AD0D2A7-8079-4A30-ABED-8EDD082FA7A4}
		{8EBBFD5F-FA34-4F2C-BBA2-B6DFC8F288F0} = {0AD0D2A7-8079-4A30-ABED-8EDD082FA7A4}
		{1BEA298D-9051-4CE2-BA52-AE8E390E9A6E} = {0AD0D2A7-8079-4A30-ABED-8EDD082FA7A4}
		{7A7DF79D-FAF0-481A-BAF4-DCD75F0DA727} = {0AD0D2A7-8079-4A30-ABED-8EDD082FA7A4}
		{B1C7AC0F-CDBC-41D0-886D-2F14F0FE5304} = {0AD0D2A7-8079-4A30-ABED-8EDD082FA7A4}
		{DFC04CE5-15DB-4D71-AED5-D019B350498A} = {0AD0D2A7-8079-4A30-ABED-8EDD082FA7A4}
		{6D350BF4-D01C-4D50-A8C2-6812C256A9EB} = {7A7DF79D-FAF0-481A-BAF4-DCD75F0DA727}
		{0409B1D2-49EF-4142-BF70-F9E4385E192D} = {A97F6B98-66C7-45C9-BAE8-A04FAC2F0B5E}
		{F23DED54-6076-4198-9E49-11F4EF708507} = {A97F6B98-66C7-45C9-BAE8-A04FAC2F0B5E}
		{57013615-97AA-4447-A18A-A850DBA9243E} = {A97F6B98-66C7-45C9-BAE8-A04FAC2F0B5E}
		{EC4AA39D-F192-4CEA-B548-82ECD7292782} = {A97F6B98-66C7-45C9-BAE8-A04FAC2F0B5E}
		{F2A78F6E-566F-4E74-A1E3-8F756C7512B7} = {2373746D-18C4-4425-B1E5-E80C1D9FCB6B}
		{24CE9EE7-E5CF-41EB-B8C1-FC9FC2DD90B2} = {2373746D-18C4-4425-B1E5-E80C1D9FCB6B}
		{3EB1AF7B-A54A-48B5-A8FE-50167E3670E0} = {2373746D-18C4-4425-B1E5-E80C1D9FCB6B}
		{D37D7E80-4567-48DB-831E-972E80AA1A55} = {2373746D-18C4-4425-B1E5-E80C1D9FCB6B}
		{E5791C36-89F5-47A8-B314-9E714785C189} = {9CFCF355-FDFB-4CD9-A4EA-FA104D8A1336}
		{3C1DBD5E-0217-4312-89A9-10A726C52A40} = {9CFCF355-FDFB-4CD9-A4EA-FA104D8A1336}
		{94CED864-23F2-4448-B10D-5426FF666F4B} = {1E0D03CF-229E-40EE-90EE-2B6B11400DBB}
		{A7808000-9477-484E-8BDC-80EEB5E07486} = {A528EB0B-F38A-4B2D-984A-9F9AF12112BB}
		{ABBB7262-43BF-404B-A577-03328F6242A9} = {94CED864-23F2-4448-B10D-5426FF666F4B}
		{9BA8957A-38F4-440A-A8F5-C5F365723FB3} = {94CED864-23F2-4448-B10D-5426FF666F4B}
		{FF634981-DC0A-46D3-8AF9-193E66EB87BA} = {FEE761C1-3919-4AC0-8343-51A975E50501}
		{EF1E2ADC-A940-4AE3-9008-93A480C204FD} = {FEE761C1-3919-4AC0-8343-51A975E50501}
		{772B7D84-FB33-42BE-B980-8E5D975B6553} = {FEE761C1-3919-4AC0-8343-51A975E50501}
		{7D3CDD50-A1B0-40D8-99E1-62C7AE3B5DD4} = {FEE761C1-3919-4AC0-8343-51A975E50501}
	EndGlobalSection
EndGlobal
